github.com/gohugoio/hugo-mod-jslibs-dist/popperjs/v2 v2.21100.20000 h1:GZxx4Hc+yb0/t3/rau1j8XlAxLE4CyXns2fqQbyqWfs=
github.com/gohugoio/hugo-mod-jslibs-dist/popperjs/v2 v2.21100.20000/go.mod h1:mFberT6ZtcchrsDtfvJM7aAH2bDKLdOnruUHl0hlapI=
github.com/hugolify/hugolify-decap-cms v1.9.0 h1:4/8VFZ+66gDa2CguRPJjRgOu+dp7d5ui6i2cbuydq6s=
github.com/hugolify/hugolify-decap-cms v1.9.0/go.mod h1:lxqV0lEahrLATtKBgUbj/c9fQE1XGpaJSIaLk9D/hRA=
github.com/hugolify/hugolify-decap-cms v1.10.1 h1:zB92iPPLLDfyZCdxAJCh6L8VS+d8r98RhPdlLnK35JY=
github.com/hugolify/hugolify-decap-cms v1.10.1/go.mod h1:lxqV0lEahrLATtKBgUbj/c9fQE1XGpaJSIaLk9D/hRA=
github.com/hugolify/hugolify-decap-cms v1.12.0 h1:TrnVuwMIvq/OsLJWbBmVVw2G5vB2xXc3koU/YnVcJ2E=
github.com/hugolify/hugolify-decap-cms v1.12.0/go.mod h1:lxqV0lEahrLATtKBgUbj/c9fQE1XGpaJSIaLk9D/hRA=
github.com/hugolify/hugolify-theme v1.7.37 h1:PwyjOnHbiLWN/EVEz0LYHzj+kks7l9WQ+Ntpo+zwSf0=
github.com/hugolify/hugolify-theme v1.7.37/go.mod h1:yDbH6g0BJAqjueFrZ13u2lC9gWsYuKDFjQirn805zvo=
github.com/hugolify/hugolify-theme v1.8.2 h1:tTWlfNYqZFYQxj6HHWgtb9cdjy5YwlYqbbvd5k2HNek=
github.com/hugolify/hugolify-theme v1.8.2/go.mod h1:yDbH6g0BJAqjueFrZ13u2lC9gWsYuKDFjQirn805zvo=
github.com/hugolify/hugolify-theme v1.8.13 h1:JmYUTJGF6YjYd7xqP+DlDkikJVCO2lnjl45lV9KODog=
github.com/hugolify/hugolify-theme v1.8.13/go.mod h1:yDbH6g0BJAqjueFrZ13u2lC9gWsYuKDFjQirn805zvo=
github.com/hugolify/hugolify-theme-persons v1.3.6 h1:s9ZZMTSHZOyhklBF++LWutbQVsnCa6pJDBMzYxSkHO4=
github.com/hugolify/hugolify-theme-persons v1.3.6/go.mod h1:LjjY/5pEDk2r3URTU8xS7Sango4D4K9ExU0+OaJwOUA=
github.com/hugolify/hugolify-theme-persons v1.3.10 h1:pxmINxKByDyDf6e7oJ9MdABiR7TFUSZaL2O/X82nC9U=
github.com/hugolify/hugolify-theme-persons v1.3.10/go.mod h1:LjjY/5pEDk2r3URTU8xS7Sango4D4K9ExU0+OaJwOUA=
github.com/hugolify/hugolify-theme-persons v1.3.11 h1:84JdP5IEKaEkx/KbFS3D5l78KbXd7o+D6PhfiUsQnHM=
github.com/hugolify/hugolify-theme-persons v1.3.11/go.mod h1:LjjY/5pEDk2r3URTU8xS7Sango4D4K9ExU0+OaJwOUA=
github.com/hugolify/hugolify-theme-services v1.0.0 h1:DC0VJjjQ+hu2Njr4ElmTLiA1CvgZZ/zArkE5YcsPxtg=
github.com/hugolify/hugolify-theme-services v1.0.0/go.mod h1:NO0MKshZ6qtf8NIfwARu9Tdg2UWtYB3f3y8bw2t2wZc=
github.com/hugolify/hugolify-theme-services v1.0.1 h1:oQGrmO+VIqTKor6SgnsDySrY2nCUjXEA2uuaUx0XzGA=
github.com/hugolify/hugolify-theme-services v1.0.1/go.mod h1:NO0MKshZ6qtf8NIfwARu9Tdg2UWtYB3f3y8bw2t2wZc=
github.com/hugolify/hugolify-theme-services-persons v0.0.0-20231104162927-043a904fc94a h1:0a9WwzW9zmgoDtSGLZOfeHusr1Ow3LkE8hI9G4NID0Y=
github.com/hugolify/hugolify-theme-services-persons v0.0.0-20231104162927-043a904fc94a/go.mod h1:eY1UFteKdxHcXtebhr9h/repBjkan5gF7xfFBZ14uQc=
github.com/hugolify/hugolify-theme-services-persons v0.0.0-20231211093101-a5eddc1894dc h1:Z/TNU1CS/e9UiQT/H/74KeKfg0+dLqkCXgNY7YMgf5w=
github.com/hugolify/hugolify-theme-services-persons v0.0.0-20231211093101-a5eddc1894dc/go.mod h1:eY1UFteKdxHcXtebhr9h/repBjkan5gF7xfFBZ14uQc=
github.com/twbs/bootstrap v5.3.1+incompatible h1:VZq/ulwa2CvsK7F9LFzkCVLzaCkTYOVyW5c3FBICUsM=
github.com/twbs/bootstrap v5.3.1+incompatible/go.mod h1:fZTSrkpSf0/HkL0IIJzvVspTt1r9zuf7XlZau8kpcY0=
